
Microsoft Visual Studio Solution File, Format Version 12.00
# Visual Studio Version 16
VisualStudioVersion = 16.0.29102.190
MinimumVisualStudioVersion = 10.0.40219.1
Project("{FAE04EC0-301F-11D3-BF4B-00C04F79EFBC}") = "1-PrimeiroPRojeto", "1-PrimeiroPRojeto\1-PrimeiroPRojeto.csproj", "{623F8B95-6C05-4BB8-B42A-0C2E80D5AC19}"
EndProject
Project("{FAE04EC0-301F-11D3-BF4B-00C04F79EFBC}") = "2-CriandoVariaveis", "2-CriandoVariaveis\2-CriandoVariaveis.csproj", "{CB7FBF5A-8DEF-4334-8A1D-A45B3A77F51B}"
EndProject
Project("{FAE04EC0-301F-11D3-BF4B-00C04F79EFBC}") = "3-ByteBank", "3-ByteBank\3-ByteBank.csproj", "{5A36D9C8-A729-4AC1-ABFC-0D65E02C2138}"
EndProject
Global
	GlobalSection(SolutionConfigurationPlatforms) = preSolution
		Debug|Any CPU = Debug|Any CPU
		Release|Any CPU = Release|Any CPU
	EndGlobalSection
	GlobalSection(ProjectConfigurationPlatforms) = postSolution
		{623F8B95-6C05-4BB8-B42A-0C2E80D5AC19}.Debug|Any CPU.ActiveCfg = Debug|Any CPU
		{623F8B95-6C05-4BB8-B42A-0C2E80D5AC19}.Debug|Any CPU.Build.0 = Debug|Any CPU
		{623F8B95-6C05-4BB8-B42A-0C2E80D5AC19}.Release|Any CPU.ActiveCfg = Release|Any CPU
		{623F8B95-6C05-4BB8-B42A-0C2E80D5AC19}.Release|Any CPU.Build.0 = Release|Any CPU
		{CB7FBF5A-8DEF-4334-8A1D-A45B3A77F51B}.Debug|Any CPU.ActiveCfg = Debug|Any CPU
		{CB7FBF5A-8DEF-4334-8A1D-A45B3A77F51B}.Debug|Any CPU.Build.0 = Debug|Any CPU
		{CB7FBF5A-8DEF-4334-8A1D-A45B3A77F51B}.Release|Any CPU.ActiveCfg = Release|Any CPU
		{CB7FBF5A-8DEF-4334-8A1D-A45B3A77F51B}.Release|Any CPU.Build.0 = Release|Any CPU
		{5A36D9C8-A729-4AC1-ABFC-0D65E02C2138}.Debug|Any CPU.ActiveCfg = Debug|Any CPU
		{5A36D9C8-A729-4AC1-ABFC-0D65E02C2138}.Debug|Any CPU.Build.0 = Debug|Any CPU
		{5A36D9C8-A729-4AC1-ABFC-0D65E02C2138}.Release|Any CPU.ActiveCfg = Release|Any CPU
		{5A36D9C8-A729-4AC1-ABFC-0D65E02C2138}.Release|Any CPU.Build.0 = Release|Any CPU
	EndGlobalSection
	GlobalSection(SolutionProperties) = preSolution
		HideSolutionNode = FALSE
	EndGlobalSection
	GlobalSection(ExtensibilityGlobals) = postSolution
		SolutionGuid = {AB65820E-4CEF-4FE3-A3BE-F06BFD52E2AD}
	EndGlobalSection
EndGlobal
